{
  "name": "scheme",
  "version": "1.0.0",
  "lockfileVersion": 2,
  "requires": true,
  "packages": {
    "": {
      "version": "1.0.0",
      "license": "CC-BY-NC-ND-4.0",
      "devDependencies": {
        "common": "file:../common"
      }
    },
    "../common": {
      "version": "1.0.0",
      "dev": true,
      "license": "CC-BY-NC-ND-4.0"
    },
    "node_modules/common": {
      "resolved": "../common",
      "link": true
    }
  },
  "dependencies": {
    "common": {
      "version": "file:../common"
    }
  }
}
