{
  "name": "scheme",
  "version": "1.0.0",
  "lockfileVersion": 2,
  "requires": true,
  "packages": {
    "": {
      "version": "1.0.0",
      "license": "ISC",
      "devDependencies": {
        "common": "file:../common",
        "js-frontend": "file:../js-frontend"
      }
    },
    "../common": {
      "version": "1.0.0",
      "dev": true,
      "license": "ISC"
    },
    "../js-frontend": {
      "version": "0.0.1",
      "dev": true,
      "license": "ISC",
      "dependencies": {
        "lezer": "^0.13.1"
      },
      "devDependencies": {
        "common": "file:../common"
      }
    },
    "node_modules/common": {
      "resolved": "../common",
      "link": true
    },
    "node_modules/js-frontend": {
      "resolved": "../js-frontend",
      "link": true
    }
  },
  "dependencies": {
    "common": {
      "version": "file:../common"
    },
    "js-frontend": {
      "version": "file:../js-frontend",
      "requires": {
        "common": "file:../common",
        "lezer": "^0.13.1"
      }
    }
  }
}
